
Microsoft Visual Studio Solution File, Format Version 12.00
# Visual Studio Version 17
VisualStudioVersion = 17.12.35707.178
MinimumVisualStudioVersion = 10.0.40219.1
Project("{FAE04EC0-301F-11D3-BF4B-00C04F79EFBC}") = "WorkoutApp", "WorkoutApp\WorkoutApp.csproj", "{A708E6DC-7070-4AF3-BF56-E74DDBF12EBA}"
EndProject
Project("{2150E333-8FDC-42A3-9474-1A3956D46DE8}") = "WorkoutApp", "WorkoutApp", "{02EA681E-C7D8-13C7-8484-4AC65E1B71E8}"
EndProject
Project("{FAE04EC0-301F-11D3-BF4B-00C04F79EFBC}") = "WorkoutApp.Tests", "WorkoutApp.Tests\WorkoutApp.Tests\WorkoutApp.Tests.csproj", "{B45B362A-D64E-41F1-95F5-423566260F5B}"
EndProject
Project("{2150E333-8FDC-42A3-9474-1A3956D46DE8}") = "WorkoutApp.Tests", "WorkoutApp.Tests", "{ADC2F570-EDD1-4F6D-811B-B8B18FB2A005}"
EndProject
Global
	GlobalSection(SolutionConfigurationPlatforms) = preSolution
		Debug|ARM64 = Debug|ARM64
		Debug|x64 = Debug|x64
		Debug|x86 = Debug|x86
		Release|ARM64 = Release|ARM64
		Release|x64 = Release|x64
		Release|x86 = Release|x86
	EndGlobalSection
	GlobalSection(ProjectConfigurationPlatforms) = postSolution
		{A708E6DC-7070-4AF3-BF56-E74DDBF12EBA}.Debug|ARM64.ActiveCfg = Debug|ARM64
		{A708E6DC-7070-4AF3-BF56-E74DDBF12EBA}.Debug|ARM64.Build.0 = Debug|ARM64
		{A708E6DC-7070-4AF3-BF56-E74DDBF12EBA}.Debug|ARM64.Deploy.0 = Debug|ARM64
		{A708E6DC-7070-4AF3-BF56-E74DDBF12EBA}.Debug|x64.ActiveCfg = Debug|x64
		{A708E6DC-7070-4AF3-BF56-E74DDBF12EBA}.Debug|x64.Build.0 = Debug|x64
		{A708E6DC-7070-4AF3-BF56-E74DDBF12EBA}.Debug|x64.Deploy.0 = Debug|x64
		{A708E6DC-7070-4AF3-BF56-E74DDBF12EBA}.Debug|x86.ActiveCfg = Debug|x86
		{A708E6DC-7070-4AF3-BF56-E74DDBF12EBA}.Debug|x86.Build.0 = Debug|x86
		{A708E6DC-7070-4AF3-BF56-E74DDBF12EBA}.Debug|x86.Deploy.0 = Debug|x86
		{A708E6DC-7070-4AF3-BF56-E74DDBF12EBA}.Release|ARM64.ActiveCfg = Release|ARM64
		{A708E6DC-7070-4AF3-BF56-E74DDBF12EBA}.Release|ARM64.Build.0 = Release|ARM64
		{A708E6DC-7070-4AF3-BF56-E74DDBF12EBA}.Release|ARM64.Deploy.0 = Release|ARM64
		{A708E6DC-7070-4AF3-BF56-E74DDBF12EBA}.Release|x64.ActiveCfg = Release|x64
		{A708E6DC-7070-4AF3-BF56-E74DDBF12EBA}.Release|x64.Build.0 = Release|x64
		{A708E6DC-7070-4AF3-BF56-E74DDBF12EBA}.Release|x64.Deploy.0 = Release|x64
		{A708E6DC-7070-4AF3-BF56-E74DDBF12EBA}.Release|x86.ActiveCfg = Release|x86
		{A708E6DC-7070-4AF3-BF56-E74DDBF12EBA}.Release|x86.Build.0 = Release|x86
		{A708E6DC-7070-4AF3-BF56-E74DDBF12EBA}.Release|x86.Deploy.0 = Release|x86
		{B45B362A-D64E-41F1-95F5-423566260F5B}.Debug|ARM64.ActiveCfg = Debug|Any CPU
		{B45B362A-D64E-41F1-95F5-423566260F5B}.Debug|ARM64.Build.0 = Debug|Any CPU
		{B45B362A-D64E-41F1-95F5-423566260F5B}.Debug|x64.ActiveCfg = Debug|x64
		{B45B362A-D64E-41F1-95F5-423566260F5B}.Debug|x64.Build.0 = Debug|x64
		{B45B362A-D64E-41F1-95F5-423566260F5B}.Debug|x86.ActiveCfg = Debug|Any CPU
		{B45B362A-D64E-41F1-95F5-423566260F5B}.Debug|x86.Build.0 = Debug|Any CPU
		{B45B362A-D64E-41F1-95F5-423566260F5B}.Release|ARM64.ActiveCfg = Release|Any CPU
		{B45B362A-D64E-41F1-95F5-423566260F5B}.Release|ARM64.Build.0 = Release|Any CPU
		{B45B362A-D64E-41F1-95F5-423566260F5B}.Release|x64.ActiveCfg = Release|Any CPU
		{B45B362A-D64E-41F1-95F5-423566260F5B}.Release|x64.Build.0 = Release|Any CPU
		{B45B362A-D64E-41F1-95F5-423566260F5B}.Release|x86.ActiveCfg = Release|Any CPU
		{B45B362A-D64E-41F1-95F5-423566260F5B}.Release|x86.Build.0 = Release|Any CPU
	EndGlobalSection
	GlobalSection(SolutionProperties) = preSolution
		HideSolutionNode = FALSE
	EndGlobalSection
	GlobalSection(NestedProjects) = preSolution
		{A708E6DC-7070-4AF3-BF56-E74DDBF12EBA} = {02EA681E-C7D8-13C7-8484-4AC65E1B71E8}
		{B45B362A-D64E-41F1-95F5-423566260F5B} = {ADC2F570-EDD1-4F6D-811B-B8B18FB2A005}
	EndGlobalSection
	GlobalSection(ExtensibilityGlobals) = postSolution
		SolutionGuid = {B922A17F-8876-4719-BE8B-428065C91EC4}
	EndGlobalSection
EndGlobal
